Microsoft Visual Studio Solution File, Format Version 12.00
# Visual Studio Version 17
VisualStudioVersion = 17.5.2.0
MinimumVisualStudioVersion = 10.0.40219.1
Project("{FAE04EC0-301F-11D3-BF4B-00C04F79EFBC}") = "Clase2", "Clase2\Clase2.csproj", "{07D5EF19-E816-9F4F-2A59-EB661E0165C0}"
EndProject
Global
	GlobalSection(SolutionConfigurationPlatforms) = preSolution
		Debug|Any CPU = Debug|Any CPU
		Release|Any CPU = Release|Any CPU
	EndGlobalSection
	GlobalSection(ProjectConfigurationPlatforms) = postSolution
		{07D5EF19-E816-9F4F-2A59-EB661E0165C0}.Debug|Any CPU.ActiveCfg = Debug|Any CPU
		{07D5EF19-E816-9F4F-2A59-EB661E0165C0}.Debug|Any CPU.Build.0 = Debug|Any CPU
		{07D5EF19-E816-9F4F-2A59-EB661E0165C0}.Release|Any CPU.ActiveCfg = Release|Any CPU
		{07D5EF19-E816-9F4F-2A59-EB661E0165C0}.Release|Any CPU.Build.0 = Release|Any CPU
	EndGlobalSection
	GlobalSection(SolutionProperties) = preSolution
		HideSolutionNode = FALSE
	EndGlobalSection
	GlobalSection(ExtensibilityGlobals) = postSolution
		SolutionGuid = {7D72677F-B2FD-41F2-B75C-3DC589801E2E}
	EndGlobalSection
EndGlobal
